// !$*UTF8*$!
{
	archiveVersion = 1;
	classes = {
	};
	objectVersion = 46;
	objects = {

/* Begin PBXBuildFile section */
		5B112CAF1B131A3300AB65CD /* Foundation.framework in Frameworks */ = {isa = PBXBuildFile; fileRef = 5B112CAE1B131A3300AB65CD /* Foundation.framework */; };
		5B112CB11B131A3300AB65CD /* CoreGraphics.framework in Frameworks */ = {isa = PBXBuildFile; fileRef = 5B112CB01B131A3300AB65CD /* CoreGraphics.framework */; };
		5B112CB31B131A3300AB65CD /* UIKit.framework in Frameworks */ = {isa = PBXBuildFile; fileRef = 5B112CB21B131A3300AB65CD /* UIKit.framework */; };
		5B112CE91B131E7500AB65CD /* Images.xcassets in Resources */ = {isa = PBXBuildFile; fileRef = 5B112CDE1B131E7500AB65CD /* Images.xcassets */; };
		5B112CEA1B131E7500AB65CD /* AppDelegate.m in Sources */ = {isa = PBXBuildFile; fileRef = 5B112CE21B131E7500AB65CD /* AppDelegate.m */; };
		5B112CEB1B131E7500AB65CD /* InfoPlist.strings in Resources */ = {isa = PBXBuildFile; fileRef = 5B112CE41B131E7500AB65CD /* InfoPlist.strings */; };
		5B112CEC1B131E7500AB65CD /* main.m in Sources */ = {isa = PBXBuildFile; fileRef = 5B112CE61B131E7500AB65CD /* main.m */; };
		5B112CED1B131E7500AB65CD /* SKGDemo-Info.plist in Resources */ = {isa = PBXBuildFile; fileRef = 5B112CE71B131E7500AB65CD /* SKGDemo-Info.plist */; };
/* End PBXBuildFile section */

/* Begin PBXFileReference section */
		5B112CAB1B131A3300AB65CD /* SKGDemo.app */ = {isa = PBXFileReference; explicitFileType = wrapper.application; includeInIndex = 0; path = SKGDemo.app; sourceTree = BUILT_PRODUCTS_DIR; };
		5B112CAE1B131A3300AB65CD /* Foundation.framework */ = {isa = PBXFileReference; lastKnownFileType = wrapper.framework; name = Foundation.framework; path = System/Library/Frameworks/Foundation.framework; sourceTree = SDKROOT; };
		5B112CB01B131A3300AB65CD /* CoreGraphics.framework */ = {isa = PBXFileReference; lastKnownFileType = wrapper.framework; name = CoreGraphics.framework; path = System/Library/Frameworks/CoreGraphics.framework; sourceTree = SDKROOT; };
		5B112CB21B131A3300AB65CD /* UIKit.framework */ = {isa = PBXFileReference; lastKnownFileType = wrapper.framework; name = UIKit.framework; path = System/Library/Frameworks/UIKit.framework; sourceTree = SDKROOT; };
		5B112CC71B131A3300AB65CD /* XCTest.framework */ = {isa = PBXFileReference; lastKnownFileType = wrapper.framework; name = XCTest.framework; path = Library/Frameworks/XCTest.framework; sourceTree = DEVELOPER_DIR; };
		5B112CDE1B131E7500AB65CD /* Images.xcassets */ = {isa = PBXFileReference; lastKnownFileType = folder.assetcatalog; path = Images.xcassets; sourceTree = "<group>"; };
		5B112CE11B131E7500AB65CD /* AppDelegate.h */ = {isa = PBXFileReference; fileEncoding = 4; lastKnownFileType = sourcecode.c.h; path = AppDelegate.h; sourceTree = "<group>"; };
		5B112CE21B131E7500AB65CD /* AppDelegate.m */ = {isa = PBXFileReference; fileEncoding = 4; lastKnownFileType = sourcecode.c.objc; path = AppDelegate.m; sourceTree = "<group>"; };
		5B112CE51B131E7500AB65CD /* en */ = {isa = PBXFileReference; lastKnownFileType = text.plist.strings; name = en; path = en.lproj/InfoPlist.strings; sourceTree = "<group>"; };
		5B112CE61B131E7500AB65CD /* main.m */ = {isa = PBXFileReference; fileEncoding = 4; lastKnownFileType = sourcecode.c.objc; path = main.m; sourceTree = "<group>"; };
		5B112CE71B131E7500AB65CD /* SKGDemo-Info.plist */ = {isa = PBXFileReference; fileEncoding = 4; lastKnownFileType = text.plist.xml; path = "SKGDemo-Info.plist"; sourceTree = "<group>"; };
		5B112CE81B131E7500AB65CD /* SKGDemo-Prefix.pch */ = {isa = PBXFileReference; fileEncoding = 4; lastKnownFileType = sourcecode.c.h; path = "SKGDemo-Prefix.pch"; sourceTree = "<group>"; };
/* End PBXFileReference section */

/* Begin PBXFrameworksBuildPhase section */
		5B112CA81B131A3300AB65CD /* Frameworks */ = {
			isa = PBXFrameworksBuildPhase;
			buildActionMask = 2147483647;
			files = (
				5B112CB11B131A3300AB65CD /* CoreGraphics.framework in Frameworks */,
				5B112CB31B131A3300AB65CD /* UIKit.framework in Frameworks */,
				5B112CAF1B131A3300AB65CD /* Foundation.framework in Frameworks */,
			);
			runOnlyForDeploymentPostprocessing = 0;
		};
/* End PBXFrameworksBuildPhase section */

/* Begin PBXGroup section */
		5B112CA21B131A3300AB65CD = {
			isa = PBXGroup;
			children = (
				5B112CDD1B131E7500AB65CD /* Resources */,
				5B112CDF1B131E7500AB65CD /* Sources */,
				5B112CAD1B131A3300AB65CD /* Frameworks */,
				5B112CAC1B131A3300AB65CD /* Products */,
			);
			sourceTree = "<group>";
		};
		5B112CAC1B131A3300AB65CD /* Products */ = {
			isa = PBXGroup;
			children = (
				5B112CAB1B131A3300AB65CD /* SKGDemo.app */,
			);
			name = Products;
			sourceTree = "<group>";
		};
		5B112CAD1B131A3300AB65CD /* Frameworks */ = {
			isa = PBXGroup;
			children = (
				5B112CAE1B131A3300AB65CD /* Foundation.framework */,
				5B112CB01B131A3300AB65CD /* CoreGraphics.framework */,
				5B112CB21B131A3300AB65CD /* UIKit.framework */,
				5B112CC71B131A3300AB65CD /* XCTest.framework */,
			);
			name = Frameworks;
			sourceTree = "<group>";
		};
		5B112CDD1B131E7500AB65CD /* Resources */ = {
			isa = PBXGroup;
			children = (
				5B112CDE1B131E7500AB65CD /* Images.xcassets */,
			);
			path = Resources;
			sourceTree = "<group>";
		};
		5B112CDF1B131E7500AB65CD /* Sources */ = {
			isa = PBXGroup;
			children = (
				5B112CE01B131E7500AB65CD /* Classes */,
				5B112CE31B131E7500AB65CD /* SupportingFiles */,
			);
			path = Sources;
			sourceTree = "<group>";
		};
		5B112CE01B131E7500AB65CD /* Classes */ = {
			isa = PBXGroup;
			children = (
				5B112CE11B131E7500AB65CD /* AppDelegate.h */,
				5B112CE21B131E7500AB65CD /* AppDelegate.m */,
			);
			path = Classes;
			sourceTree = "<group>";
		};
		5B112CE31B131E7500AB65CD /* SupportingFiles */ = {
			isa = PBXGroup;
			children = (
				5B112CE41B131E7500AB65CD /* InfoPlist.strings */,
				5B112CE61B131E7500AB65CD /* main.m */,
				5B112CE71B131E7500AB65CD /* SKGDemo-Info.plist */,
				5B112CE81B131E7500AB65CD /* SKGDemo-Prefix.pch */,
			);
			path = SupportingFiles;
			sourceTree = "<group>";
		};
/* End PBXGroup section */

/* Begin PBXNativeTarget section */
		5B112CAA1B131A3300AB65CD /* SKGDemo */ = {
			isa = PBXNativeTarget;
			buildConfigurationList = 5B112CD71B131A3300AB65CD /* Build configuration list for PBXNativeTarget "SKGDemo" */;
			buildPhases = (
				5B112CA71B131A3300AB65CD /* Sources */,
				5B112CA81B131A3300AB65CD /* Frameworks */,
				5B112CA91B131A3300AB65CD /* Resources */,
			);
			buildRules = (
			);
			dependencies = (
			);
			name = SKGDemo;
			productName = SKGDemo;
			productReference = 5B112CAB1B131A3300AB65CD /* SKGDemo.app */;
			productType = "com.apple.product-type.application";
		};
/* End PBXNativeTarget section */

/* Begin PBXProject section */
		5B112CA31B131A3300AB65CD /* Project object */ = {
			isa = PBXProject;
			attributes = {
				LastUpgradeCheck = 0510;
				ORGANIZATIONNAME = Chensh;
			};
			buildConfigurationList = 5B112CA61B131A3300AB65CD /* Build configuration list for PBXProject "SKGDemo" */;
			compatibilityVersion = "Xcode 3.2";
			developmentRegion = English;
			hasScannedForEncodings = 0;
			knownRegions = (
				en,
			);
			mainGroup = 5B112CA21B131A3300AB65CD;
			productRefGroup = 5B112CAC1B131A3300AB65CD /* Products */;
			projectDirPath = "";
			projectRoot = "";
			targets = (
				5B112CAA1B131A3300AB65CD /* SKGDemo */,
			);
		};
/* End PBXProject section */

/* Begin PBXResourcesBuildPhase section */
		5B112CA91B131A3300AB65CD /* Resources */ = {
			isa = PBXResourcesBuildPhase;
			buildActionMask = 2147483647;
			files = (
				5B112CED1B131E7500AB65CD /* SKGDemo-Info.plist in Resources */,
				5B112CE91B131E7500AB65CD /* Images.xcassets in Resources */,
				5B112CEB1B131E7500AB65CD /* InfoPlist.strings in Resources */,
			);
			runOnlyForDeploymentPostprocessing = 0;
		};
/* End PBXResourcesBuildPhase section */

/* Begin PBXSourcesBuildPhase section */
		5B112CA71B131A3300AB65CD /* Sources */ = {
			isa = PBXSourcesBuildPhase;
			buildActionMask = 2147483647;
			files = (
				5B112CEC1B131E7500AB65CD /* main.m in Sources */,
				5B112CEA1B131E7500AB65CD /* AppDelegate.m in Sources */,
			);
			runOnlyForDeploymentPostprocessing = 0;
		};
/* End PBXSourcesBuildPhase section */

/* Begin PBXVariantGroup section */
		5B112CE41B131E7500AB65CD /* InfoPlist.strings */ = {
			isa = PBXVariantGroup;
			children = (
				5B112CE51B131E7500AB65CD /* en */,
			);
			name = InfoPlist.strings;
			sourceTree = "<group>";
		};
/* End PBXVariantGroup section */

/* Begin XCBuildConfiguration section */
		5B112CD51B131A3300AB65CD /* Debug */ = {
			isa = XCBuildConfiguration;
			buildSettings = {
				ALWAYS_SEARCH_USER_PATHS = NO;
				CLANG_CXX_LANGUAGE_STANDARD = "gnu++0x";
				CLANG_CXX_LIBRARY = "libc++";
				CLANG_ENABLE_MODULES = YES;
				CLANG_ENABLE_OBJC_ARC = YES;
				CLANG_WARN_BOOL_CONVERSION = YES;
				CLANG_WARN_CONSTANT_CONVERSION = YES;
				CLANG_WARN_DIRECT_OBJC_ISA_USAGE = YES_ERROR;
				CLANG_WARN_EMPTY_BODY = YES;
				CLANG_WARN_ENUM_CONVERSION = YES;
				CLANG_WARN_INT_CONVERSION = YES;
				CLANG_WARN_OBJC_ROOT_CLASS = YES_ERROR;
				CLANG_WARN__DUPLICATE_METHOD_MATCH = YES;
				"CODE_SIGN_IDENTITY[sdk=iphoneos*]" = "iPhone Developer";
				COPY_PHASE_STRIP = NO;
				GCC_C_LANGUAGE_STANDARD = gnu99;
				GCC_DYNAMIC_NO_PIC = NO;
				GCC_OPTIMIZATION_LEVEL = 0;
				GCC_PREPROCESSOR_DEFINITIONS = (
					"DEBUG=1",
					"$(inherited)",
				);
				GCC_SYMBOLS_PRIVATE_EXTERN = NO;
				GCC_WARN_64_TO_32_BIT_CONVERSION = YES;
				GCC_WARN_ABOUT_RETURN_TYPE = YES_ERROR;
				GCC_WARN_UNDECLARED_SELECTOR = YES;
				GCC_WARN_UNINITIALIZED_AUTOS = YES_AGGRESSIVE;
				GCC_WARN_UNUSED_FUNCTION = YES;
				GCC_WARN_UNUSED_VARIABLE = YES;
				IPHONEOS_DEPLOYMENT_TARGET = 7.1;
				ONLY_ACTIVE_ARCH = YES;
				SDKROOT = iphoneos;
				TARGETED_DEVICE_FAMILY = "1,2";
			};
			name = Debug;
		};
		5B112CD61B131A3300AB65CD /* Release */ = {
			isa = XCBuildConfiguration;
			buildSettings = {
				ALWAYS_SEARCH_USER_PATHS = NO;
				CLANG_CXX_LANGUAGE_STANDARD = "gnu++0x";
				CLANG_CXX_LIBRARY = "libc++";
				CLANG_ENABLE_MODULES = YES;
				CLANG_ENABLE_OBJC_ARC = YES;
				CLANG_WARN_BOOL_CONVERSION = YES;
				CLANG_WARN_CONSTANT_CONVERSION = YES;
				CLANG_WARN_DIRECT_OBJC_ISA_USAGE = YES_ERROR;
				CLANG_WARN_EMPTY_BODY = YES;
				CLANG_WARN_ENUM_CONVERSION = YES;
				CLANG_WARN_INT_CONVERSION = YES;
				CLANG_WARN_OBJC_ROOT_CLASS = YES_ERROR;
				CLANG_WARN__DUPLICATE_METHOD_MATCH = YES;
				"CODE_SIGN_IDENTITY[sdk=iphoneos*]" = "iPhone Developer";
				COPY_PHASE_STRIP = YES;
				ENABLE_NS_ASSERTIONS = NO;
				GCC_C_LANGUAGE_STANDARD = gnu99;
				GCC_WARN_64_TO_32_BIT_CONVERSION = YES;
				GCC_WARN_ABOUT_RETURN_TYPE = YES_ERROR;
				GCC_WARN_UNDECLARED_SELECTOR = YES;
				GCC_WARN_UNINITIALIZED_AUTOS = YES_AGGRESSIVE;
				GCC_WARN_UNUSED_FUNCTION = YES;
				GCC_WARN_UNUSED_VARIABLE = YES;
				IPHONEOS_DEPLOYMENT_TARGET = 7.1;
				SDKROOT = iphoneos;
				TARGETED_DEVICE_FAMILY = "1,2";
				VALIDATE_PRODUCT = YES;
			};
			name = Release;
		};
		5B112CD81B131A3300AB65CD /* Debug */ = {
			isa = XCBuildConfiguration;
			buildSettings = {
				ASSETCATALOG_COMPILER_APPICON_NAME = AppIcon;
				ASSETCATALOG_COMPILER_LAUNCHIMAGE_NAME = LaunchImage;
				GCC_PRECOMPILE_PREFIX_HEADER = YES;
				GCC_PREFIX_HEADER = "$(SRCROOT)/Sources/SupportinFiles/SKGDemo-Prefix.pch";
				INFOPLIST_FILE = "$(SRCROOT)/Sources/SupportingFiles/SKGDemo-Info.plist";
				PRODUCT_NAME = "$(TARGET_NAME)";
				WRAPPER_EXTENSION = app;
			};
			name = Debug;
		};
		5B112CD91B131A3300AB65CD /* Release */ = {
			isa = XCBuildConfiguration;
			buildSettings = {
				ASSETCATALOG_COMPILER_APPICON_NAME = AppIcon;
				ASSETCATALOG_COMPILER_LAUNCHIMAGE_NAME = LaunchImage;
				GCC_PRECOMPILE_PREFIX_HEADER = YES;
				GCC_PREFIX_HEADER = "$(SRCROOT)/Sources/SupportinFiles/SKGDemo-Prefix.pch";
				INFOPLIST_FILE = "$(SRCROOT)/Sources/SupportingFiles/SKGDemo-Info.plist";
				PRODUCT_NAME = "$(TARGET_NAME)";
				WRAPPER_EXTENSION = app;
			};
			name = Release;
		};
/* End XCBuildConfiguration section */

/* Begin XCConfigurationList section */
		5B112CA61B131A3300AB65CD /* Build configuration list for PBXProject "SKGDemo" */ = {
			isa = XCConfigurationList;
			buildConfigurations = (
				5B112CD51B131A3300AB65CD /* Debug */,
				5B112CD61B131A3300AB65CD /* Release */,
			);
			defaultConfigurationIsVisible = 0;
			defaultConfigurationName = Release;
		};
		5B112CD71B131A3300AB65CD /* Build configuration list for PBXNativeTarget "SKGDemo" */ = {
			isa = XCConfigurationList;
			buildConfigurations = (
				5B112CD81B131A3300AB65CD /* Debug */,
				5B112CD91B131A3300AB65CD /* Release */,
			);
			defaultConfigurationIsVisible = 0;
			defaultConfigurationName = Release;
		};
/* End XCConfigurationList section */
	};
	rootObject = 5B112CA31B131A3300AB65CD /* Project object */;
}
