// !$*UTF8*$!
{
	archiveVersion = 1;
	classes = {
	};
	objectVersion = 46;
	objects = {

/* Begin PBXBuildFile section */
		5B112CAF1B131A3300AB65CD /* Foundation.framework in Frameworks */ = {isa = PBXBuildFile; fileRef = 5B112CAE1B131A3300AB65CD /* Foundation.framework */; };
		5B112CB11B131A3300AB65CD /* CoreGraphics.framework in Frameworks */ = {isa = PBXBuildFile; fileRef = 5B112CB01B131A3300AB65CD /* CoreGraphics.framework */; };
		5B112CB31B131A3300AB65CD /* UIKit.framework in Frameworks */ = {isa = PBXBuildFile; fileRef = 5B112CB21B131A3300AB65CD /* UIKit.framework */; };
		5B112CE91B131E7500AB65CD /* Images.xcassets in Resources */ = {isa = PBXBuildFile; fileRef = 5B112CDE1B131E7500AB65CD /* Images.xcassets */; };
		5B112CEA1B131E7500AB65CD /* AppDelegate.m in Sources */ = {isa = PBXBuildFile; fileRef = 5B112CE21B131E7500AB65CD /* AppDelegate.m */; };
		5B112CEB1B131E7500AB65CD /* InfoPlist.strings in Resources */ = {isa = PBXBuildFile; fileRef = 5B112CE41B131E7500AB65CD /* InfoPlist.strings */; };
		5B112CEC1B131E7500AB65CD /* main.m in Sources */ = {isa = PBXBuildFile; fileRef = 5B112CE61B131E7500AB65CD /* main.m */; };
		5BBBA09C1B141CEF0083B214 /* MainController.m in Sources */ = {isa = PBXBuildFile; fileRef = 5BBBA09B1B141CEF0083B214 /* MainController.m */; };
		5BBBA0A01B1424530083B214 /* ProductViewController.m in Sources */ = {isa = PBXBuildFile; fileRef = 5BBBA09F1B1424530083B214 /* ProductViewController.m */; };
		5BBBA0A31B1424660083B214 /* ProductRootView.m in Sources */ = {isa = PBXBuildFile; fileRef = 5BBBA0A21B1424660083B214 /* ProductRootView.m */; };
		5BBBA0A91B1427F50083B214 /* CategoryViewController.m in Sources */ = {isa = PBXBuildFile; fileRef = 5BBBA0A81B1427F50083B214 /* CategoryViewController.m */; };
		5BBBA0AC1B1428040083B214 /* CartViewController.m in Sources */ = {isa = PBXBuildFile; fileRef = 5BBBA0AB1B1428040083B214 /* CartViewController.m */; };
		5BBBA0AF1B1428110083B214 /* UserCenterViewController.m in Sources */ = {isa = PBXBuildFile; fileRef = 5BBBA0AE1B1428110083B214 /* UserCenterViewController.m */; };
		5BBBA0B31B1430030083B214 /* icon_home.png in Resources */ = {isa = PBXBuildFile; fileRef = 5BBBA0B11B1430030083B214 /* icon_home.png */; };
		5BBBA0BB1B1444F40083B214 /* SGFocusImageFrame.m in Sources */ = {isa = PBXBuildFile; fileRef = 5BBBA0B81B1444F40083B214 /* SGFocusImageFrame.m */; settings = {COMPILER_FLAGS = "-fno-objc-arc"; }; };
		5BBBA0BC1B1444F40083B214 /* SGFocusImageItem.m in Sources */ = {isa = PBXBuildFile; fileRef = 5BBBA0BA1B1444F40083B214 /* SGFocusImageItem.m */; settings = {COMPILER_FLAGS = "-fno-objc-arc"; }; };
		5BBBA0C21B1445FF0083B214 /* XRefreshHeaderView.m in Sources */ = {isa = PBXBuildFile; fileRef = 5BBBA0BF1B1445FF0083B214 /* XRefreshHeaderView.m */; };
		5BBBA0C31B1445FF0083B214 /* XTableView.m in Sources */ = {isa = PBXBuildFile; fileRef = 5BBBA0C11B1445FF0083B214 /* XTableView.m */; };
		5BBBA0D01B1446370083B214 /* MacroDefs.m in Sources */ = {isa = PBXBuildFile; fileRef = 5BBBA0C91B1446370083B214 /* MacroDefs.m */; };
		5BBBA0D11B1446370083B214 /* UIView+Additions.m in Sources */ = {isa = PBXBuildFile; fileRef = 5BBBA0CB1B1446370083B214 /* UIView+Additions.m */; };
		5BBBA0D21B1446370083B214 /* URLManager.m in Sources */ = {isa = PBXBuildFile; fileRef = 5BBBA0CD1B1446370083B214 /* URLManager.m */; };
		5BBBA0D51B144CF70083B214 /* ProductTableView.m in Sources */ = {isa = PBXBuildFile; fileRef = 5BBBA0D41B144CF70083B214 /* ProductTableView.m */; };
		5BBBA0D81B144D0D0083B214 /* ProductTableViewCell.m in Sources */ = {isa = PBXBuildFile; fileRef = 5BBBA0D71B144D0D0083B214 /* ProductTableViewCell.m */; };
		5BBBA0DC1B144D790083B214 /* ProductModel.m in Sources */ = {isa = PBXBuildFile; fileRef = 5BBBA0DB1B144D790083B214 /* ProductModel.m */; };
		5BBBA0DF1B144EEA0083B214 /* ProductSummaryView.m in Sources */ = {isa = PBXBuildFile; fileRef = 5BBBA0DE1B144EEA0083B214 /* ProductSummaryView.m */; };
/* End PBXBuildFile section */

/* Begin PBXFileReference section */
		5B112CAB1B131A3300AB65CD /* SKGDemo.app */ = {isa = PBXFileReference; explicitFileType = wrapper.application; includeInIndex = 0; path = SKGDemo.app; sourceTree = BUILT_PRODUCTS_DIR; };
		5B112CAE1B131A3300AB65CD /* Foundation.framework */ = {isa = PBXFileReference; lastKnownFileType = wrapper.framework; name = Foundation.framework; path = System/Library/Frameworks/Foundation.framework; sourceTree = SDKROOT; };
		5B112CB01B131A3300AB65CD /* CoreGraphics.framework */ = {isa = PBXFileReference; lastKnownFileType = wrapper.framework; name = CoreGraphics.framework; path = System/Library/Frameworks/CoreGraphics.framework; sourceTree = SDKROOT; };
		5B112CB21B131A3300AB65CD /* UIKit.framework */ = {isa = PBXFileReference; lastKnownFileType = wrapper.framework; name = UIKit.framework; path = System/Library/Frameworks/UIKit.framework; sourceTree = SDKROOT; };
		5B112CC71B131A3300AB65CD /* XCTest.framework */ = {isa = PBXFileReference; lastKnownFileType = wrapper.framework; name = XCTest.framework; path = Library/Frameworks/XCTest.framework; sourceTree = DEVELOPER_DIR; };
		5B112CDE1B131E7500AB65CD /* Images.xcassets */ = {isa = PBXFileReference; lastKnownFileType = folder.assetcatalog; path = Images.xcassets; sourceTree = "<group>"; };
		5B112CE11B131E7500AB65CD /* AppDelegate.h */ = {isa = PBXFileReference; fileEncoding = 4; lastKnownFileType = sourcecode.c.h; path = AppDelegate.h; sourceTree = "<group>"; };
		5B112CE21B131E7500AB65CD /* AppDelegate.m */ = {isa = PBXFileReference; fileEncoding = 4; lastKnownFileType = sourcecode.c.objc; path = AppDelegate.m; sourceTree = "<group>"; };
		5B112CE51B131E7500AB65CD /* en */ = {isa = PBXFileReference; lastKnownFileType = text.plist.strings; name = en; path = en.lproj/InfoPlist.strings; sourceTree = "<group>"; };
		5B112CE61B131E7500AB65CD /* main.m */ = {isa = PBXFileReference; fileEncoding = 4; lastKnownFileType = sourcecode.c.objc; path = main.m; sourceTree = "<group>"; };
		5B112CE71B131E7500AB65CD /* SKGDemo-Info.plist */ = {isa = PBXFileReference; fileEncoding = 4; lastKnownFileType = text.plist.xml; path = "SKGDemo-Info.plist"; sourceTree = "<group>"; };
		5B112CE81B131E7500AB65CD /* SKGDemo-Prefix.pch */ = {isa = PBXFileReference; fileEncoding = 4; lastKnownFileType = sourcecode.c.h; path = "SKGDemo-Prefix.pch"; sourceTree = "<group>"; };
		5BBBA09A1B141CEF0083B214 /* MainController.h */ = {isa = PBXFileReference; fileEncoding = 4; lastKnownFileType = sourcecode.c.h; path = MainController.h; sourceTree = "<group>"; };
		5BBBA09B1B141CEF0083B214 /* MainController.m */ = {isa = PBXFileReference; fileEncoding = 4; lastKnownFileType = sourcecode.c.objc; path = MainController.m; sourceTree = "<group>"; };
		5BBBA09E1B1424530083B214 /* ProductViewController.h */ = {isa = PBXFileReference; fileEncoding = 4; lastKnownFileType = sourcecode.c.h; path = ProductViewController.h; sourceTree = "<group>"; };
		5BBBA09F1B1424530083B214 /* ProductViewController.m */ = {isa = PBXFileReference; fileEncoding = 4; lastKnownFileType = sourcecode.c.objc; path = ProductViewController.m; sourceTree = "<group>"; };
		5BBBA0A11B1424660083B214 /* ProductRootView.h */ = {isa = PBXFileReference; fileEncoding = 4; lastKnownFileType = sourcecode.c.h; path = ProductRootView.h; sourceTree = "<group>"; };
		5BBBA0A21B1424660083B214 /* ProductRootView.m */ = {isa = PBXFileReference; fileEncoding = 4; lastKnownFileType = sourcecode.c.objc; path = ProductRootView.m; sourceTree = "<group>"; };
		5BBBA0A71B1427F50083B214 /* CategoryViewController.h */ = {isa = PBXFileReference; fileEncoding = 4; lastKnownFileType = sourcecode.c.h; path = CategoryViewController.h; sourceTree = "<group>"; };
		5BBBA0A81B1427F50083B214 /* CategoryViewController.m */ = {isa = PBXFileReference; fileEncoding = 4; lastKnownFileType = sourcecode.c.objc; path = CategoryViewController.m; sourceTree = "<group>"; };
		5BBBA0AA1B1428040083B214 /* CartViewController.h */ = {isa = PBXFileReference; fileEncoding = 4; lastKnownFileType = sourcecode.c.h; path = CartViewController.h; sourceTree = "<group>"; };
		5BBBA0AB1B1428040083B214 /* CartViewController.m */ = {isa = PBXFileReference; fileEncoding = 4; lastKnownFileType = sourcecode.c.objc; path = CartViewController.m; sourceTree = "<group>"; };
		5BBBA0AD1B1428110083B214 /* UserCenterViewController.h */ = {isa = PBXFileReference; fileEncoding = 4; lastKnownFileType = sourcecode.c.h; path = UserCenterViewController.h; sourceTree = "<group>"; };
		5BBBA0AE1B1428110083B214 /* UserCenterViewController.m */ = {isa = PBXFileReference; fileEncoding = 4; lastKnownFileType = sourcecode.c.objc; path = UserCenterViewController.m; sourceTree = "<group>"; };
		5BBBA0B11B1430030083B214 /* icon_home.png */ = {isa = PBXFileReference; lastKnownFileType = image.png; path = icon_home.png; sourceTree = "<group>"; };
		5BBBA0B71B1444F40083B214 /* SGFocusImageFrame.h */ = {isa = PBXFileReference; fileEncoding = 4; lastKnownFileType = sourcecode.c.h; path = SGFocusImageFrame.h; sourceTree = "<group>"; };
		5BBBA0B81B1444F40083B214 /* SGFocusImageFrame.m */ = {isa = PBXFileReference; fileEncoding = 4; lastKnownFileType = sourcecode.c.objc; path = SGFocusImageFrame.m; sourceTree = "<group>"; };
		5BBBA0B91B1444F40083B214 /* SGFocusImageItem.h */ = {isa = PBXFileReference; fileEncoding = 4; lastKnownFileType = sourcecode.c.h; path = SGFocusImageItem.h; sourceTree = "<group>"; };
		5BBBA0BA1B1444F40083B214 /* SGFocusImageItem.m */ = {isa = PBXFileReference; fileEncoding = 4; lastKnownFileType = sourcecode.c.objc; path = SGFocusImageItem.m; sourceTree = "<group>"; };
		5BBBA0BE1B1445FF0083B214 /* XRefreshHeaderView.h */ = {isa = PBXFileReference; fileEncoding = 4; lastKnownFileType = sourcecode.c.h; path = XRefreshHeaderView.h; sourceTree = "<group>"; };
		5BBBA0BF1B1445FF0083B214 /* XRefreshHeaderView.m */ = {isa = PBXFileReference; fileEncoding = 4; lastKnownFileType = sourcecode.c.objc; path = XRefreshHeaderView.m; sourceTree = "<group>"; };
		5BBBA0C01B1445FF0083B214 /* XTableView.h */ = {isa = PBXFileReference; fileEncoding = 4; lastKnownFileType = sourcecode.c.h; path = XTableView.h; sourceTree = "<group>"; };
		5BBBA0C11B1445FF0083B214 /* XTableView.m */ = {isa = PBXFileReference; fileEncoding = 4; lastKnownFileType = sourcecode.c.objc; path = XTableView.m; sourceTree = "<group>"; };
		5BBBA0C71B1446370083B214 /* ENUMDefs.h */ = {isa = PBXFileReference; fileEncoding = 4; lastKnownFileType = sourcecode.c.h; path = ENUMDefs.h; sourceTree = "<group>"; };
		5BBBA0C81B1446370083B214 /* MacroDefs.h */ = {isa = PBXFileReference; fileEncoding = 4; lastKnownFileType = sourcecode.c.h; path = MacroDefs.h; sourceTree = "<group>"; };
		5BBBA0C91B1446370083B214 /* MacroDefs.m */ = {isa = PBXFileReference; fileEncoding = 4; lastKnownFileType = sourcecode.c.objc; path = MacroDefs.m; sourceTree = "<group>"; };
		5BBBA0CA1B1446370083B214 /* UIView+Additions.h */ = {isa = PBXFileReference; fileEncoding = 4; lastKnownFileType = sourcecode.c.h; path = "UIView+Additions.h"; sourceTree = "<group>"; };
		5BBBA0CB1B1446370083B214 /* UIView+Additions.m */ = {isa = PBXFileReference; fileEncoding = 4; lastKnownFileType = sourcecode.c.objc; path = "UIView+Additions.m"; sourceTree = "<group>"; };
		5BBBA0CC1B1446370083B214 /* URLManager.h */ = {isa = PBXFileReference; fileEncoding = 4; lastKnownFileType = sourcecode.c.h; path = URLManager.h; sourceTree = "<group>"; };
		5BBBA0CD1B1446370083B214 /* URLManager.m */ = {isa = PBXFileReference; fileEncoding = 4; lastKnownFileType = sourcecode.c.objc; path = URLManager.m; sourceTree = "<group>"; };
		5BBBA0CE1B1446370083B214 /* XNotificationDefs.h */ = {isa = PBXFileReference; fileEncoding = 4; lastKnownFileType = sourcecode.c.h; path = XNotificationDefs.h; sourceTree = "<group>"; };
		5BBBA0D31B144CF70083B214 /* ProductTableView.h */ = {isa = PBXFileReference; fileEncoding = 4; lastKnownFileType = sourcecode.c.h; path = ProductTableView.h; sourceTree = "<group>"; };
		5BBBA0D41B144CF70083B214 /* ProductTableView.m */ = {isa = PBXFileReference; fileEncoding = 4; lastKnownFileType = sourcecode.c.objc; path = ProductTableView.m; sourceTree = "<group>"; };
		5BBBA0D61B144D0D0083B214 /* ProductTableViewCell.h */ = {isa = PBXFileReference; fileEncoding = 4; lastKnownFileType = sourcecode.c.h; path = ProductTableViewCell.h; sourceTree = "<group>"; };
		5BBBA0D71B144D0D0083B214 /* ProductTableViewCell.m */ = {isa = PBXFileReference; fileEncoding = 4; lastKnownFileType = sourcecode.c.objc; path = ProductTableViewCell.m; sourceTree = "<group>"; };
		5BBBA0DA1B144D790083B214 /* ProductModel.h */ = {isa = PBXFileReference; fileEncoding = 4; lastKnownFileType = sourcecode.c.h; path = ProductModel.h; sourceTree = "<group>"; };
		5BBBA0DB1B144D790083B214 /* ProductModel.m */ = {isa = PBXFileReference; fileEncoding = 4; lastKnownFileType = sourcecode.c.objc; path = ProductModel.m; sourceTree = "<group>"; };
		5BBBA0DD1B144EEA0083B214 /* ProductSummaryView.h */ = {isa = PBXFileReference; fileEncoding = 4; lastKnownFileType = sourcecode.c.h; path = ProductSummaryView.h; sourceTree = "<group>"; };
		5BBBA0DE1B144EEA0083B214 /* ProductSummaryView.m */ = {isa = PBXFileReference; fileEncoding = 4; lastKnownFileType = sourcecode.c.objc; path = ProductSummaryView.m; sourceTree = "<group>"; };
/* End PBXFileReference section */

/* Begin PBXFrameworksBuildPhase section */
		5B112CA81B131A3300AB65CD /* Frameworks */ = {
			isa = PBXFrameworksBuildPhase;
			buildActionMask = 2147483647;
			files = (
				5B112CB11B131A3300AB65CD /* CoreGraphics.framework in Frameworks */,
				5B112CB31B131A3300AB65CD /* UIKit.framework in Frameworks */,
				5B112CAF1B131A3300AB65CD /* Foundation.framework in Frameworks */,
			);
			runOnlyForDeploymentPostprocessing = 0;
		};
/* End PBXFrameworksBuildPhase section */

/* Begin PBXGroup section */
		5B112CA21B131A3300AB65CD = {
			isa = PBXGroup;
			children = (
				5B112CDD1B131E7500AB65CD /* Resources */,
				5B112CDF1B131E7500AB65CD /* Sources */,
				5B112CAD1B131A3300AB65CD /* Frameworks */,
				5B112CAC1B131A3300AB65CD /* Products */,
			);
			sourceTree = "<group>";
		};
		5B112CAC1B131A3300AB65CD /* Products */ = {
			isa = PBXGroup;
			children = (
				5B112CAB1B131A3300AB65CD /* SKGDemo.app */,
			);
			name = Products;
			sourceTree = "<group>";
		};
		5B112CAD1B131A3300AB65CD /* Frameworks */ = {
			isa = PBXGroup;
			children = (
				5B112CAE1B131A3300AB65CD /* Foundation.framework */,
				5B112CB01B131A3300AB65CD /* CoreGraphics.framework */,
				5B112CB21B131A3300AB65CD /* UIKit.framework */,
				5B112CC71B131A3300AB65CD /* XCTest.framework */,
			);
			name = Frameworks;
			sourceTree = "<group>";
		};
		5B112CDD1B131E7500AB65CD /* Resources */ = {
			isa = PBXGroup;
			children = (
				5BBBA0B01B1430030083B214 /* MainController */,
				5B112CDE1B131E7500AB65CD /* Images.xcassets */,
			);
			path = Resources;
			sourceTree = "<group>";
		};
		5B112CDF1B131E7500AB65CD /* Sources */ = {
			isa = PBXGroup;
			children = (
				5B112CE01B131E7500AB65CD /* Classes */,
				5B112CE31B131E7500AB65CD /* SupportingFiles */,
			);
			path = Sources;
			sourceTree = "<group>";
		};
		5B112CE01B131E7500AB65CD /* Classes */ = {
			isa = PBXGroup;
			children = (
				5BBBA0D91B144D510083B214 /* Model */,
				5BBBA0B51B1444F40083B214 /* Common */,
				5BBBA0A41B1427E20083B214 /* Category */,
				5BBBA0A51B1427E20083B214 /* ShoppingCart */,
				5BBBA0A61B1427E20083B214 /* UserCenter */,
				5BBBA09D1B1424400083B214 /* Product */,
				5BBBA0991B141B4E0083B214 /* MainController */,
				5B112CE11B131E7500AB65CD /* AppDelegate.h */,
				5B112CE21B131E7500AB65CD /* AppDelegate.m */,
			);
			path = Classes;
			sourceTree = "<group>";
		};
		5B112CE31B131E7500AB65CD /* SupportingFiles */ = {
			isa = PBXGroup;
			children = (
				5B112CE41B131E7500AB65CD /* InfoPlist.strings */,
				5B112CE61B131E7500AB65CD /* main.m */,
				5B112CE71B131E7500AB65CD /* SKGDemo-Info.plist */,
				5B112CE81B131E7500AB65CD /* SKGDemo-Prefix.pch */,
			);
			path = SupportingFiles;
			sourceTree = "<group>";
		};
		5BBBA0991B141B4E0083B214 /* MainController */ = {
			isa = PBXGroup;
			children = (
				5BBBA09A1B141CEF0083B214 /* MainController.h */,
				5BBBA09B1B141CEF0083B214 /* MainController.m */,
			);
			path = MainController;
			sourceTree = "<group>";
		};
		5BBBA09D1B1424400083B214 /* Product */ = {
			isa = PBXGroup;
			children = (
				5BBBA09E1B1424530083B214 /* ProductViewController.h */,
				5BBBA09F1B1424530083B214 /* ProductViewController.m */,
				5BBBA0A11B1424660083B214 /* ProductRootView.h */,
				5BBBA0A21B1424660083B214 /* ProductRootView.m */,
				5BBBA0D31B144CF70083B214 /* ProductTableView.h */,
				5BBBA0D41B144CF70083B214 /* ProductTableView.m */,
				5BBBA0D61B144D0D0083B214 /* ProductTableViewCell.h */,
				5BBBA0D71B144D0D0083B214 /* ProductTableViewCell.m */,
				5BBBA0DD1B144EEA0083B214 /* ProductSummaryView.h */,
				5BBBA0DE1B144EEA0083B214 /* ProductSummaryView.m */,
			);
			path = Product;
			sourceTree = "<group>";
		};
		5BBBA0A41B1427E20083B214 /* Category */ = {
			isa = PBXGroup;
			children = (
				5BBBA0A71B1427F50083B214 /* CategoryViewController.h */,
				5BBBA0A81B1427F50083B214 /* CategoryViewController.m */,
			);
			path = Category;
			sourceTree = "<group>";
		};
		5BBBA0A51B1427E20083B214 /* ShoppingCart */ = {
			isa = PBXGroup;
			children = (
				5BBBA0AA1B1428040083B214 /* CartViewController.h */,
				5BBBA0AB1B1428040083B214 /* CartViewController.m */,
			);
			path = ShoppingCart;
			sourceTree = "<group>";
		};
		5BBBA0A61B1427E20083B214 /* UserCenter */ = {
			isa = PBXGroup;
			children = (
				5BBBA0AD1B1428110083B214 /* UserCenterViewController.h */,
				5BBBA0AE1B1428110083B214 /* UserCenterViewController.m */,
			);
			path = UserCenter;
			sourceTree = "<group>";
		};
		5BBBA0B01B1430030083B214 /* MainController */ = {
			isa = PBXGroup;
			children = (
				5BBBA0B11B1430030083B214 /* icon_home.png */,
			);
			path = MainController;
			sourceTree = "<group>";
		};
		5BBBA0B51B1444F40083B214 /* Common */ = {
			isa = PBXGroup;
			children = (
				5BBBA0C41B1446370083B214 /* MacroDefs */,
				5BBBA0BD1B1445FF0083B214 /* XTableView */,
				5BBBA0B61B1444F40083B214 /* ScrollViewLoop */,
			);
			path = Common;
			sourceTree = "<group>";
		};
		5BBBA0B61B1444F40083B214 /* ScrollViewLoop */ = {
			isa = PBXGroup;
			children = (
				5BBBA0B71B1444F40083B214 /* SGFocusImageFrame.h */,
				5BBBA0B81B1444F40083B214 /* SGFocusImageFrame.m */,
				5BBBA0B91B1444F40083B214 /* SGFocusImageItem.h */,
				5BBBA0BA1B1444F40083B214 /* SGFocusImageItem.m */,
			);
			path = ScrollViewLoop;
			sourceTree = "<group>";
		};
		5BBBA0BD1B1445FF0083B214 /* XTableView */ = {
			isa = PBXGroup;
			children = (
				5BBBA0BE1B1445FF0083B214 /* XRefreshHeaderView.h */,
				5BBBA0BF1B1445FF0083B214 /* XRefreshHeaderView.m */,
				5BBBA0C01B1445FF0083B214 /* XTableView.h */,
				5BBBA0C11B1445FF0083B214 /* XTableView.m */,
			);
			path = XTableView;
			sourceTree = "<group>";
		};
		5BBBA0C41B1446370083B214 /* MacroDefs */ = {
			isa = PBXGroup;
			children = (
				5BBBA0C71B1446370083B214 /* ENUMDefs.h */,
				5BBBA0C81B1446370083B214 /* MacroDefs.h */,
				5BBBA0C91B1446370083B214 /* MacroDefs.m */,
				5BBBA0CA1B1446370083B214 /* UIView+Additions.h */,
				5BBBA0CB1B1446370083B214 /* UIView+Additions.m */,
				5BBBA0CC1B1446370083B214 /* URLManager.h */,
				5BBBA0CD1B1446370083B214 /* URLManager.m */,
				5BBBA0CE1B1446370083B214 /* XNotificationDefs.h */,
			);
			path = MacroDefs;
			sourceTree = "<group>";
		};
		5BBBA0D91B144D510083B214 /* Model */ = {
			isa = PBXGroup;
			children = (
				5BBBA0DA1B144D790083B214 /* ProductModel.h */,
				5BBBA0DB1B144D790083B214 /* ProductModel.m */,
			);
			path = Model;
			sourceTree = "<group>";
		};
/* End PBXGroup section */

/* Begin PBXNativeTarget section */
		5B112CAA1B131A3300AB65CD /* SKGDemo */ = {
			isa = PBXNativeTarget;
			buildConfigurationList = 5B112CD71B131A3300AB65CD /* Build configuration list for PBXNativeTarget "SKGDemo" */;
			buildPhases = (
				5B112CA81B131A3300AB65CD /* Frameworks */,
				5B112CA71B131A3300AB65CD /* Sources */,
				5B112CA91B131A3300AB65CD /* Resources */,
			);
			buildRules = (
			);
			dependencies = (
			);
			name = SKGDemo;
			productName = SKGDemo;
			productReference = 5B112CAB1B131A3300AB65CD /* SKGDemo.app */;
			productType = "com.apple.product-type.application";
		};
/* End PBXNativeTarget section */

/* Begin PBXProject section */
		5B112CA31B131A3300AB65CD /* Project object */ = {
			isa = PBXProject;
			attributes = {
				LastUpgradeCheck = 0510;
				ORGANIZATIONNAME = Chensh;
			};
			buildConfigurationList = 5B112CA61B131A3300AB65CD /* Build configuration list for PBXProject "SKGDemo" */;
			compatibilityVersion = "Xcode 3.2";
			developmentRegion = English;
			hasScannedForEncodings = 0;
			knownRegions = (
				en,
			);
			mainGroup = 5B112CA21B131A3300AB65CD;
			productRefGroup = 5B112CAC1B131A3300AB65CD /* Products */;
			projectDirPath = "";
			projectRoot = "";
			targets = (
				5B112CAA1B131A3300AB65CD /* SKGDemo */,
			);
		};
/* End PBXProject section */

/* Begin PBXResourcesBuildPhase section */
		5B112CA91B131A3300AB65CD /* Resources */ = {
			isa = PBXResourcesBuildPhase;
			buildActionMask = 2147483647;
			files = (
				5BBBA0B31B1430030083B214 /* icon_home.png in Resources */,
				5B112CE91B131E7500AB65CD /* Images.xcassets in Resources */,
				5B112CEB1B131E7500AB65CD /* InfoPlist.strings in Resources */,
			);
			runOnlyForDeploymentPostprocessing = 0;
		};
/* End PBXResourcesBuildPhase section */

/* Begin PBXSourcesBuildPhase section */
		5B112CA71B131A3300AB65CD /* Sources */ = {
			isa = PBXSourcesBuildPhase;
			buildActionMask = 2147483647;
			files = (
				5BBBA0D81B144D0D0083B214 /* ProductTableViewCell.m in Sources */,
				5BBBA0DC1B144D790083B214 /* ProductModel.m in Sources */,
				5BBBA0D01B1446370083B214 /* MacroDefs.m in Sources */,
				5BBBA0D51B144CF70083B214 /* ProductTableView.m in Sources */,
				5B112CEC1B131E7500AB65CD /* main.m in Sources */,
				5BBBA0D11B1446370083B214 /* UIView+Additions.m in Sources */,
				5BBBA0BC1B1444F40083B214 /* SGFocusImageItem.m in Sources */,
				5BBBA0D21B1446370083B214 /* URLManager.m in Sources */,
				5BBBA0C31B1445FF0083B214 /* XTableView.m in Sources */,
				5BBBA09C1B141CEF0083B214 /* MainController.m in Sources */,
				5BBBA0A31B1424660083B214 /* ProductRootView.m in Sources */,
				5BBBA0BB1B1444F40083B214 /* SGFocusImageFrame.m in Sources */,
				5BBBA0A01B1424530083B214 /* ProductViewController.m in Sources */,
				5BBBA0AF1B1428110083B214 /* UserCenterViewController.m in Sources */,
				5BBBA0DF1B144EEA0083B214 /* ProductSummaryView.m in Sources */,
				5BBBA0A91B1427F50083B214 /* CategoryViewController.m in Sources */,
				5BBBA0AC1B1428040083B214 /* CartViewController.m in Sources */,
				5BBBA0C21B1445FF0083B214 /* XRefreshHeaderView.m in Sources */,
				5B112CEA1B131E7500AB65CD /* AppDelegate.m in Sources */,
			);
			runOnlyForDeploymentPostprocessing = 0;
		};
/* End PBXSourcesBuildPhase section */

/* Begin PBXVariantGroup section */
		5B112CE41B131E7500AB65CD /* InfoPlist.strings */ = {
			isa = PBXVariantGroup;
			children = (
				5B112CE51B131E7500AB65CD /* en */,
			);
			name = InfoPlist.strings;
			sourceTree = "<group>";
		};
/* End PBXVariantGroup section */

/* Begin XCBuildConfiguration section */
		5B112CD51B131A3300AB65CD /* Debug */ = {
			isa = XCBuildConfiguration;
			buildSettings = {
				ALWAYS_SEARCH_USER_PATHS = NO;
				CLANG_CXX_LANGUAGE_STANDARD = "gnu++0x";
				CLANG_CXX_LIBRARY = "libc++";
				CLANG_ENABLE_MODULES = YES;
				CLANG_ENABLE_OBJC_ARC = YES;
				CLANG_WARN_BOOL_CONVERSION = YES;
				CLANG_WARN_CONSTANT_CONVERSION = YES;
				CLANG_WARN_DIRECT_OBJC_ISA_USAGE = YES_ERROR;
				CLANG_WARN_EMPTY_BODY = YES;
				CLANG_WARN_ENUM_CONVERSION = YES;
				CLANG_WARN_INT_CONVERSION = YES;
				CLANG_WARN_OBJC_ROOT_CLASS = YES_ERROR;
				CLANG_WARN__DUPLICATE_METHOD_MATCH = YES;
				"CODE_SIGN_IDENTITY[sdk=iphoneos*]" = "iPhone Developer";
				COPY_PHASE_STRIP = NO;
				GCC_C_LANGUAGE_STANDARD = gnu99;
				GCC_DYNAMIC_NO_PIC = NO;
				GCC_OPTIMIZATION_LEVEL = 0;
				GCC_PREPROCESSOR_DEFINITIONS = (
					"DEBUG=1",
					"$(inherited)",
				);
				GCC_SYMBOLS_PRIVATE_EXTERN = NO;
				GCC_WARN_64_TO_32_BIT_CONVERSION = YES;
				GCC_WARN_ABOUT_RETURN_TYPE = YES_ERROR;
				GCC_WARN_UNDECLARED_SELECTOR = YES;
				GCC_WARN_UNINITIALIZED_AUTOS = YES_AGGRESSIVE;
				GCC_WARN_UNUSED_FUNCTION = YES;
				GCC_WARN_UNUSED_VARIABLE = YES;
				IPHONEOS_DEPLOYMENT_TARGET = 7.1;
				ONLY_ACTIVE_ARCH = YES;
				SDKROOT = iphoneos;
				TARGETED_DEVICE_FAMILY = "1,2";
			};
			name = Debug;
		};
		5B112CD61B131A3300AB65CD /* Release */ = {
			isa = XCBuildConfiguration;
			buildSettings = {
				ALWAYS_SEARCH_USER_PATHS = NO;
				CLANG_CXX_LANGUAGE_STANDARD = "gnu++0x";
				CLANG_CXX_LIBRARY = "libc++";
				CLANG_ENABLE_MODULES = YES;
				CLANG_ENABLE_OBJC_ARC = YES;
				CLANG_WARN_BOOL_CONVERSION = YES;
				CLANG_WARN_CONSTANT_CONVERSION = YES;
				CLANG_WARN_DIRECT_OBJC_ISA_USAGE = YES_ERROR;
				CLANG_WARN_EMPTY_BODY = YES;
				CLANG_WARN_ENUM_CONVERSION = YES;
				CLANG_WARN_INT_CONVERSION = YES;
				CLANG_WARN_OBJC_ROOT_CLASS = YES_ERROR;
				CLANG_WARN__DUPLICATE_METHOD_MATCH = YES;
				"CODE_SIGN_IDENTITY[sdk=iphoneos*]" = "iPhone Developer";
				COPY_PHASE_STRIP = YES;
				ENABLE_NS_ASSERTIONS = NO;
				GCC_C_LANGUAGE_STANDARD = gnu99;
				GCC_WARN_64_TO_32_BIT_CONVERSION = YES;
				GCC_WARN_ABOUT_RETURN_TYPE = YES_ERROR;
				GCC_WARN_UNDECLARED_SELECTOR = YES;
				GCC_WARN_UNINITIALIZED_AUTOS = YES_AGGRESSIVE;
				GCC_WARN_UNUSED_FUNCTION = YES;
				GCC_WARN_UNUSED_VARIABLE = YES;
				IPHONEOS_DEPLOYMENT_TARGET = 7.1;
				SDKROOT = iphoneos;
				TARGETED_DEVICE_FAMILY = "1,2";
				VALIDATE_PRODUCT = YES;
			};
			name = Release;
		};
		5B112CD81B131A3300AB65CD /* Debug */ = {
			isa = XCBuildConfiguration;
			buildSettings = {
				ASSETCATALOG_COMPILER_APPICON_NAME = AppIcon;
				ASSETCATALOG_COMPILER_LAUNCHIMAGE_NAME = LaunchImage;
				GCC_PRECOMPILE_PREFIX_HEADER = YES;
				GCC_PREFIX_HEADER = "$(SRCROOT)/Sources/SupportingFiles/SKGDemo-Prefix.pch";
				INFOPLIST_FILE = "$(SRCROOT)/Sources/SupportingFiles/SKGDemo-Info.plist";
				PRODUCT_NAME = "$(TARGET_NAME)";
				WRAPPER_EXTENSION = app;
			};
			name = Debug;
		};
		5B112CD91B131A3300AB65CD /* Release */ = {
			isa = XCBuildConfiguration;
			buildSettings = {
				ASSETCATALOG_COMPILER_APPICON_NAME = AppIcon;
				ASSETCATALOG_COMPILER_LAUNCHIMAGE_NAME = LaunchImage;
				GCC_PRECOMPILE_PREFIX_HEADER = YES;
				GCC_PREFIX_HEADER = "$(SRCROOT)/Sources/SupportingFiles/SKGDemo-Prefix.pch";
				INFOPLIST_FILE = "$(SRCROOT)/Sources/SupportingFiles/SKGDemo-Info.plist";
				PRODUCT_NAME = "$(TARGET_NAME)";
				WRAPPER_EXTENSION = app;
			};
			name = Release;
		};
/* End XCBuildConfiguration section */

/* Begin XCConfigurationList section */
		5B112CA61B131A3300AB65CD /* Build configuration list for PBXProject "SKGDemo" */ = {
			isa = XCConfigurationList;
			buildConfigurations = (
				5B112CD51B131A3300AB65CD /* Debug */,
				5B112CD61B131A3300AB65CD /* Release */,
			);
			defaultConfigurationIsVisible = 0;
			defaultConfigurationName = Release;
		};
		5B112CD71B131A3300AB65CD /* Build configuration list for PBXNativeTarget "SKGDemo" */ = {
			isa = XCConfigurationList;
			buildConfigurations = (
				5B112CD81B131A3300AB65CD /* Debug */,
				5B112CD91B131A3300AB65CD /* Release */,
			);
			defaultConfigurationIsVisible = 0;
			defaultConfigurationName = Release;
		};
/* End XCConfigurationList section */
	};
	rootObject = 5B112CA31B131A3300AB65CD /* Project object */;
}
